
Microsoft Visual Studio Solution File, Format Version 12.00
# Visual Studio Version 17
VisualStudioVersion = 17.14.36518.9
MinimumVisualStudioVersion = 10.0.40219.1
Project("{FAE04EC0-301F-11D3-BF4B-00C04F79EFBC}") = "JeroBackpack", "JeroBackpack.csproj", "{B7B80FCB-3322-4983-A781-8517102D4C8C}"
EndProject
Global
	GlobalSection(SolutionConfigurationPlatforms) = preSolution
		Debug|Any CPU = Debug|Any CPU
		Release|Any CPU = Release|Any CPU
	EndGlobalSection
	GlobalSection(ProjectConfigurationPlatforms) = postSolution
		{B7B80FCB-3322-4983-A781-8517102D4C8C}.Debug|Any CPU.ActiveCfg = Debug|Any CPU
		{B7B80FCB-3322-4983-A781-8517102D4C8C}.Debug|Any CPU.Build.0 = Debug|Any CPU
		{B7B80FCB-3322-4983-A781-8517102D4C8C}.Release|Any CPU.ActiveCfg = Release|Any CPU
		{B7B80FCB-3322-4983-A781-8517102D4C8C}.Release|Any CPU.Build.0 = Release|Any CPU
	EndGlobalSection
	GlobalSection(SolutionProperties) = preSolution
		HideSolutionNode = FALSE
	EndGlobalSection
	GlobalSection(ExtensibilityGlobals) = postSolution
		SolutionGuid = {61BD57C7-8061-49EC-A81D-7D3015E65199}
	EndGlobalSection
EndGlobal
